// !$*UTF8*$!
{
	archiveVersion = 1;
	classes = {
	};
	objectVersion = 55;
	objects = {

/* Begin PBXBuildFile section */
		6204C4552860D1B800683351 /* CitiesView.swift in Sources */ = {isa = PBXBuildFile; fileRef = 6204C4542860D1B800683351 /* CitiesView.swift */; };
		6204C4572860D1DD00683351 /* CitiesViewModel.swift in Sources */ = {isa = PBXBuildFile; fileRef = 6204C4562860D1DD00683351 /* CitiesViewModel.swift */; };
		628AE02E285B94BF0021A880 /* WeatherApp.swift in Sources */ = {isa = PBXBuildFile; fileRef = 628AE02D285B94BF0021A880 /* WeatherApp.swift */; };
		628AE030285B94BF0021A880 /* ContentView.swift in Sources */ = {isa = PBXBuildFile; fileRef = 628AE02F285B94BF0021A880 /* ContentView.swift */; };
		628AE032285B94C40021A880 /* Assets.xcassets in Resources */ = {isa = PBXBuildFile; fileRef = 628AE031285B94C40021A880 /* Assets.xcassets */; };
		628AE035285B94C40021A880 /* Preview Assets.xcassets in Resources */ = {isa = PBXBuildFile; fileRef = 628AE034285B94C40021A880 /* Preview Assets.xcassets */; };
		628AE03F285B94C50021A880 /* WeatherTests.swift in Sources */ = {isa = PBXBuildFile; fileRef = 628AE03E285B94C50021A880 /* WeatherTests.swift */; };
		628AE049285B94C50021A880 /* WeatherUITests.swift in Sources */ = {isa = PBXBuildFile; fileRef = 628AE048285B94C50021A880 /* WeatherUITests.swift */; };
		628AE04B285B94C50021A880 /* WeatherUITestsLaunchTests.swift in Sources */ = {isa = PBXBuildFile; fileRef = 628AE04A285B94C50021A880 /* WeatherUITestsLaunchTests.swift */; };
		628AE05A285B98560021A880 /* HourlyItemWeatherView.swift in Sources */ = {isa = PBXBuildFile; fileRef = 628AE059285B98560021A880 /* HourlyItemWeatherView.swift */; };
		628AE05D285BA1F20021A880 /* DailyItemWeatherView.swift in Sources */ = {isa = PBXBuildFile; fileRef = 628AE05C285BA1F20021A880 /* DailyItemWeatherView.swift */; };
		628AE060285BA2CC0021A880 /* CardView.swift in Sources */ = {isa = PBXBuildFile; fileRef = 628AE05F285BA2CC0021A880 /* CardView.swift */; };
		628AE062285BB1A40021A880 /* CurrentWeatherView.swift in Sources */ = {isa = PBXBuildFile; fileRef = 628AE061285BB1A40021A880 /* CurrentWeatherView.swift */; };
		628AE064285BB8FC0021A880 /* DetailsWeatherView.swift in Sources */ = {isa = PBXBuildFile; fileRef = 628AE063285BB8FC0021A880 /* DetailsWeatherView.swift */; };
		629F349928621C4700E3AA1C /* CityPreferences.swift in Sources */ = {isa = PBXBuildFile; fileRef = 629F349828621C4700E3AA1C /* CityPreferences.swift */; };
		629F349B2862201900E3AA1C /* ContentViewModel.swift in Sources */ = {isa = PBXBuildFile; fileRef = 629F349A2862201900E3AA1C /* ContentViewModel.swift */; };
		629F349D286221D700E3AA1C /* View.swift in Sources */ = {isa = PBXBuildFile; fileRef = 629F349C286221D700E3AA1C /* View.swift */; };
		62AAD449285D90EE008D64FC /* WeatherRepository.swift in Sources */ = {isa = PBXBuildFile; fileRef = 62AAD448285D90EE008D64FC /* WeatherRepository.swift */; };
		62AAD44B285D9465008D64FC /* WeatherTarget.swift in Sources */ = {isa = PBXBuildFile; fileRef = 62AAD44A285D9465008D64FC /* WeatherTarget.swift */; };
		62AAD44D285DCB65008D64FC /* WeatherViewModel.swift in Sources */ = {isa = PBXBuildFile; fileRef = 62AAD44C285DCB65008D64FC /* WeatherViewModel.swift */; };
		62AB560E285C588D009CCAA5 /* WeatherDescriptor.swift in Sources */ = {isa = PBXBuildFile; fileRef = 62AB560A285C588D009CCAA5 /* WeatherDescriptor.swift */; };
		62AB560F285C588D009CCAA5 /* City.swift in Sources */ = {isa = PBXBuildFile; fileRef = 62AB560B285C588D009CCAA5 /* City.swift */; };
		62AB5610285C588D009CCAA5 /* Temperature.swift in Sources */ = {isa = PBXBuildFile; fileRef = 62AB560C285C588D009CCAA5 /* Temperature.swift */; };
		62AB5611285C588D009CCAA5 /* Weather.swift in Sources */ = {isa = PBXBuildFile; fileRef = 62AB560D285C588D009CCAA5 /* Weather.swift */; };
		62AB5613285C590C009CCAA5 /* DailyItemWeatherViewModel.swift in Sources */ = {isa = PBXBuildFile; fileRef = 62AB5612285C590C009CCAA5 /* DailyItemWeatherViewModel.swift */; };
		62AB5616285C59C3009CCAA5 /* Formatters.swift in Sources */ = {isa = PBXBuildFile; fileRef = 62AB5615285C59C3009CCAA5 /* Formatters.swift */; };
		62AB5619285C5A5A009CCAA5 /* Date.swift in Sources */ = {isa = PBXBuildFile; fileRef = 62AB5618285C5A5A009CCAA5 /* Date.swift */; };
		62AB561B285C6026009CCAA5 /* HourlyItemWeatherViewModel.swift in Sources */ = {isa = PBXBuildFile; fileRef = 62AB561A285C6026009CCAA5 /* HourlyItemWeatherViewModel.swift */; };
		62AB561D285C6241009CCAA5 /* CurrentWeatherViewModel.swift in Sources */ = {isa = PBXBuildFile; fileRef = 62AB561C285C6241009CCAA5 /* CurrentWeatherViewModel.swift */; };
		62AB561F285C6467009CCAA5 /* DetailsWeatherViewModel.swift in Sources */ = {isa = PBXBuildFile; fileRef = 62AB561E285C6467009CCAA5 /* DetailsWeatherViewModel.swift */; };
		62AB5623285C699C009CCAA5 /* cities.json in Resources */ = {isa = PBXBuildFile; fileRef = 62AB5621285C699B009CCAA5 /* cities.json */; };
		62AB5624285C699C009CCAA5 /* weather.json in Resources */ = {isa = PBXBuildFile; fileRef = 62AB5622285C699B009CCAA5 /* weather.json */; };
		62AB5626285C69C8009CCAA5 /* Loader.swift in Sources */ = {isa = PBXBuildFile; fileRef = 62AB5625285C69C8009CCAA5 /* Loader.swift */; };
		62AB5628285C6ABF009CCAA5 /* WeatherView.swift in Sources */ = {isa = PBXBuildFile; fileRef = 62AB5627285C6ABF009CCAA5 /* WeatherView.swift */; };
		62AB562A285C6C76009CCAA5 /* DailyView.swift in Sources */ = {isa = PBXBuildFile; fileRef = 62AB5629285C6C76009CCAA5 /* DailyView.swift */; };
		62AB562C285C6C86009CCAA5 /* HourlyView.swift in Sources */ = {isa = PBXBuildFile; fileRef = 62AB562B285C6C86009CCAA5 /* HourlyView.swift */; };
		62AB562E285C6DB6009CCAA5 /* DailyViewModel.swift in Sources */ = {isa = PBXBuildFile; fileRef = 62AB562D285C6DB6009CCAA5 /* DailyViewModel.swift */; };
		62AB5630285C75CF009CCAA5 /* HourlyViewModel.swift in Sources */ = {isa = PBXBuildFile; fileRef = 62AB562F285C75CF009CCAA5 /* HourlyViewModel.swift */; };
/* End PBXBuildFile section */

/* Begin PBXContainerItemProxy section */
		628AE03B285B94C50021A880 /* PBXContainerItemProxy */ = {
			isa = PBXContainerItemProxy;
			containerPortal = 628AE022285B94BF0021A880 /* Project object */;
			proxyType = 1;
			remoteGlobalIDString = 628AE029285B94BF0021A880;
			remoteInfo = Weather;
		};
		628AE045285B94C50021A880 /* PBXContainerItemProxy */ = {
			isa = PBXContainerItemProxy;
			containerPortal = 628AE022285B94BF0021A880 /* Project object */;
			proxyType = 1;
			remoteGlobalIDString = 628AE029285B94BF0021A880;
			remoteInfo = Weather;
		};
/* End PBXContainerItemProxy section */

/* Begin PBXFileReference section */
		6204C4542860D1B800683351 /* CitiesView.swift */ = {isa = PBXFileReference; lastKnownFileType = sourcecode.swift; path = CitiesView.swift; sourceTree = "<group>"; };
		6204C4562860D1DD00683351 /* CitiesViewModel.swift */ = {isa = PBXFileReference; lastKnownFileType = sourcecode.swift; path = CitiesViewModel.swift; sourceTree = "<group>"; };
		628AE02A285B94BF0021A880 /* Weather.app */ = {isa = PBXFileReference; explicitFileType = wrapper.application; includeInIndex = 0; path = Weather.app; sourceTree = BUILT_PRODUCTS_DIR; };
		628AE02D285B94BF0021A880 /* WeatherApp.swift */ = {isa = PBXFileReference; lastKnownFileType = sourcecode.swift; path = WeatherApp.swift; sourceTree = "<group>"; };
		628AE02F285B94BF0021A880 /* ContentView.swift */ = {isa = PBXFileReference; lastKnownFileType = sourcecode.swift; path = ContentView.swift; sourceTree = "<group>"; };
		628AE031285B94C40021A880 /* Assets.xcassets */ = {isa = PBXFileReference; lastKnownFileType = folder.assetcatalog; path = Assets.xcassets; sourceTree = "<group>"; };
		628AE034285B94C40021A880 /* Preview Assets.xcassets */ = {isa = PBXFileReference; lastKnownFileType = folder.assetcatalog; path = "Preview Assets.xcassets"; sourceTree = "<group>"; };
		628AE03A285B94C50021A880 /* WeatherTests.xctest */ = {isa = PBXFileReference; explicitFileType = wrapper.cfbundle; includeInIndex = 0; path = WeatherTests.xctest; sourceTree = BUILT_PRODUCTS_DIR; };
		628AE03E285B94C50021A880 /* WeatherTests.swift */ = {isa = PBXFileReference; lastKnownFileType = sourcecode.swift; path = WeatherTests.swift; sourceTree = "<group>"; };
		628AE044285B94C50021A880 /* WeatherUITests.xctest */ = {isa = PBXFileReference; explicitFileType = wrapper.cfbundle; includeInIndex = 0; path = WeatherUITests.xctest; sourceTree = BUILT_PRODUCTS_DIR; };
		628AE048285B94C50021A880 /* WeatherUITests.swift */ = {isa = PBXFileReference; lastKnownFileType = sourcecode.swift; path = WeatherUITests.swift; sourceTree = "<group>"; };
		628AE04A285B94C50021A880 /* WeatherUITestsLaunchTests.swift */ = {isa = PBXFileReference; lastKnownFileType = sourcecode.swift; path = WeatherUITestsLaunchTests.swift; sourceTree = "<group>"; };
		628AE059285B98560021A880 /* HourlyItemWeatherView.swift */ = {isa = PBXFileReference; lastKnownFileType = sourcecode.swift; path = HourlyItemWeatherView.swift; sourceTree = "<group>"; };
		628AE05C285BA1F20021A880 /* DailyItemWeatherView.swift */ = {isa = PBXFileReference; lastKnownFileType = sourcecode.swift; path = DailyItemWeatherView.swift; sourceTree = "<group>"; };
		628AE05F285BA2CC0021A880 /* CardView.swift */ = {isa = PBXFileReference; lastKnownFileType = sourcecode.swift; path = CardView.swift; sourceTree = "<group>"; };
		628AE061285BB1A40021A880 /* CurrentWeatherView.swift */ = {isa = PBXFileReference; lastKnownFileType = sourcecode.swift; path = CurrentWeatherView.swift; sourceTree = "<group>"; };
		628AE063285BB8FC0021A880 /* DetailsWeatherView.swift */ = {isa = PBXFileReference; lastKnownFileType = sourcecode.swift; path = DetailsWeatherView.swift; sourceTree = "<group>"; };
		629F349828621C4700E3AA1C /* CityPreferences.swift */ = {isa = PBXFileReference; lastKnownFileType = sourcecode.swift; path = CityPreferences.swift; sourceTree = "<group>"; };
		629F349A2862201900E3AA1C /* ContentViewModel.swift */ = {isa = PBXFileReference; lastKnownFileType = sourcecode.swift; path = ContentViewModel.swift; sourceTree = "<group>"; };
		629F349C286221D700E3AA1C /* View.swift */ = {isa = PBXFileReference; lastKnownFileType = sourcecode.swift; path = View.swift; sourceTree = "<group>"; };
		62AAD448285D90EE008D64FC /* WeatherRepository.swift */ = {isa = PBXFileReference; lastKnownFileType = sourcecode.swift; path = WeatherRepository.swift; sourceTree = "<group>"; };
		62AAD44A285D9465008D64FC /* WeatherTarget.swift */ = {isa = PBXFileReference; lastKnownFileType = sourcecode.swift; path = WeatherTarget.swift; sourceTree = "<group>"; };
		62AAD44C285DCB65008D64FC /* WeatherViewModel.swift */ = {isa = PBXFileReference; lastKnownFileType = sourcecode.swift; path = WeatherViewModel.swift; sourceTree = "<group>"; };
		62AB560A285C588D009CCAA5 /* WeatherDescriptor.swift */ = {isa = PBXFileReference; fileEncoding = 4; lastKnownFileType = sourcecode.swift; path = WeatherDescriptor.swift; sourceTree = "<group>"; };
		62AB560B285C588D009CCAA5 /* City.swift */ = {isa = PBXFileReference; fileEncoding = 4; lastKnownFileType = sourcecode.swift; path = City.swift; sourceTree = "<group>"; };
		62AB560C285C588D009CCAA5 /* Temperature.swift */ = {isa = PBXFileReference; fileEncoding = 4; lastKnownFileType = sourcecode.swift; path = Temperature.swift; sourceTree = "<group>"; };
		62AB560D285C588D009CCAA5 /* Weather.swift */ = {isa = PBXFileReference; fileEncoding = 4; lastKnownFileType = sourcecode.swift; path = Weather.swift; sourceTree = "<group>"; };
		62AB5612285C590C009CCAA5 /* DailyItemWeatherViewModel.swift */ = {isa = PBXFileReference; lastKnownFileType = sourcecode.swift; path = DailyItemWeatherViewModel.swift; sourceTree = "<group>"; };
		62AB5615285C59C3009CCAA5 /* Formatters.swift */ = {isa = PBXFileReference; lastKnownFileType = sourcecode.swift; path = Formatters.swift; sourceTree = "<group>"; };
		62AB5618285C5A5A009CCAA5 /* Date.swift */ = {isa = PBXFileReference; lastKnownFileType = sourcecode.swift; path = Date.swift; sourceTree = "<group>"; };
		62AB561A285C6026009CCAA5 /* HourlyItemWeatherViewModel.swift */ = {isa = PBXFileReference; lastKnownFileType = sourcecode.swift; path = HourlyItemWeatherViewModel.swift; sourceTree = "<group>"; };
		62AB561C285C6241009CCAA5 /* CurrentWeatherViewModel.swift */ = {isa = PBXFileReference; lastKnownFileType = sourcecode.swift; path = CurrentWeatherViewModel.swift; sourceTree = "<group>"; };
		62AB561E285C6467009CCAA5 /* DetailsWeatherViewModel.swift */ = {isa = PBXFileReference; lastKnownFileType = sourcecode.swift; path = DetailsWeatherViewModel.swift; sourceTree = "<group>"; };
		62AB5621285C699B009CCAA5 /* cities.json */ = {isa = PBXFileReference; fileEncoding = 4; lastKnownFileType = text.json; path = cities.json; sourceTree = "<group>"; };
		62AB5622285C699B009CCAA5 /* weather.json */ = {isa = PBXFileReference; fileEncoding = 4; lastKnownFileType = text.json; path = weather.json; sourceTree = "<group>"; };
		62AB5625285C69C8009CCAA5 /* Loader.swift */ = {isa = PBXFileReference; lastKnownFileType = sourcecode.swift; path = Loader.swift; sourceTree = "<group>"; };
		62AB5627285C6ABF009CCAA5 /* WeatherView.swift */ = {isa = PBXFileReference; lastKnownFileType = sourcecode.swift; path = WeatherView.swift; sourceTree = "<group>"; };
		62AB5629285C6C76009CCAA5 /* DailyView.swift */ = {isa = PBXFileReference; lastKnownFileType = sourcecode.swift; path = DailyView.swift; sourceTree = "<group>"; };
		62AB562B285C6C86009CCAA5 /* HourlyView.swift */ = {isa = PBXFileReference; lastKnownFileType = sourcecode.swift; path = HourlyView.swift; sourceTree = "<group>"; };
		62AB562D285C6DB6009CCAA5 /* DailyViewModel.swift */ = {isa = PBXFileReference; lastKnownFileType = sourcecode.swift; path = DailyViewModel.swift; sourceTree = "<group>"; };
		62AB562F285C75CF009CCAA5 /* HourlyViewModel.swift */ = {isa = PBXFileReference; lastKnownFileType = sourcecode.swift; path = HourlyViewModel.swift; sourceTree = "<group>"; };
/* End PBXFileReference section */

/* Begin PBXFrameworksBuildPhase section */
		628AE027285B94BF0021A880 /* Frameworks */ = {
			isa = PBXFrameworksBuildPhase;
			buildActionMask = 2147483647;
			files = (
			);
			runOnlyForDeploymentPostprocessing = 0;
		};
		628AE037285B94C50021A880 /* Frameworks */ = {
			isa = PBXFrameworksBuildPhase;
			buildActionMask = 2147483647;
			files = (
			);
			runOnlyForDeploymentPostprocessing = 0;
		};
		628AE041285B94C50021A880 /* Frameworks */ = {
			isa = PBXFrameworksBuildPhase;
			buildActionMask = 2147483647;
			files = (
			);
			runOnlyForDeploymentPostprocessing = 0;
		};
/* End PBXFrameworksBuildPhase section */

/* Begin PBXGroup section */
		628AE021285B94BF0021A880 = {
			isa = PBXGroup;
			children = (
				628AE02C285B94BF0021A880 /* Weather */,
				628AE03D285B94C50021A880 /* WeatherTests */,
				628AE047285B94C50021A880 /* WeatherUITests */,
				628AE02B285B94BF0021A880 /* Products */,
			);
			sourceTree = "<group>";
		};
		628AE02B285B94BF0021A880 /* Products */ = {
			isa = PBXGroup;
			children = (
				628AE02A285B94BF0021A880 /* Weather.app */,
				628AE03A285B94C50021A880 /* WeatherTests.xctest */,
				628AE044285B94C50021A880 /* WeatherUITests.xctest */,
			);
			name = Products;
			sourceTree = "<group>";
		};
		628AE02C285B94BF0021A880 /* Weather */ = {
			isa = PBXGroup;
			children = (
				628AE057285B97FA0021A880 /* Views */,
				62AB5608285C56D8009CCAA5 /* ViewModels */,
				62AB5609285C586B009CCAA5 /* Models */,
				62AB5614285C59B2009CCAA5 /* Library */,
				62AB5620285C6991009CCAA5 /* Resources */,
				628AE02D285B94BF0021A880 /* WeatherApp.swift */,
				628AE031285B94C40021A880 /* Assets.xcassets */,
				628AE033285B94C40021A880 /* Preview Content */,
			);
			path = Weather;
			sourceTree = "<group>";
		};
		628AE033285B94C40021A880 /* Preview Content */ = {
			isa = PBXGroup;
			children = (
				628AE034285B94C40021A880 /* Preview Assets.xcassets */,
			);
			path = "Preview Content";
			sourceTree = "<group>";
		};
		628AE03D285B94C50021A880 /* WeatherTests */ = {
			isa = PBXGroup;
			children = (
				628AE03E285B94C50021A880 /* WeatherTests.swift */,
			);
			path = WeatherTests;
			sourceTree = "<group>";
		};
		628AE047285B94C50021A880 /* WeatherUITests */ = {
			isa = PBXGroup;
			children = (
				628AE048285B94C50021A880 /* WeatherUITests.swift */,
				628AE04A285B94C50021A880 /* WeatherUITestsLaunchTests.swift */,
			);
			path = WeatherUITests;
			sourceTree = "<group>";
		};
		628AE057285B97FA0021A880 /* Views */ = {
			isa = PBXGroup;
			children = (
				628AE02F285B94BF0021A880 /* ContentView.swift */,
				628AE05F285BA2CC0021A880 /* CardView.swift */,
				628AE05C285BA1F20021A880 /* DailyItemWeatherView.swift */,
				628AE059285B98560021A880 /* HourlyItemWeatherView.swift */,
				628AE061285BB1A40021A880 /* CurrentWeatherView.swift */,
				628AE063285BB8FC0021A880 /* DetailsWeatherView.swift */,
				62AB5627285C6ABF009CCAA5 /* WeatherView.swift */,
				62AB5629285C6C76009CCAA5 /* DailyView.swift */,
				62AB562B285C6C86009CCAA5 /* HourlyView.swift */,
				6204C4542860D1B800683351 /* CitiesView.swift */,
			);
			path = Views;
			sourceTree = "<group>";
		};
		629F349728621C1B00E3AA1C /* Persistance */ = {
			isa = PBXGroup;
			children = (
				629F349828621C4700E3AA1C /* CityPreferences.swift */,
			);
			path = Persistance;
			sourceTree = "<group>";
		};
		62AAD447285D90D3008D64FC /* Repository */ = {
			isa = PBXGroup;
			children = (
				62AAD448285D90EE008D64FC /* WeatherRepository.swift */,
				62AAD44A285D9465008D64FC /* WeatherTarget.swift */,
			);
			path = Repository;
			sourceTree = "<group>";
		};
		62AB5608285C56D8009CCAA5 /* ViewModels */ = {
			isa = PBXGroup;
			children = (
				62AB5612285C590C009CCAA5 /* DailyItemWeatherViewModel.swift */,
				62AB561A285C6026009CCAA5 /* HourlyItemWeatherViewModel.swift */,
				62AB561C285C6241009CCAA5 /* CurrentWeatherViewModel.swift */,
				62AB561E285C6467009CCAA5 /* DetailsWeatherViewModel.swift */,
				62AB562D285C6DB6009CCAA5 /* DailyViewModel.swift */,
				62AB562F285C75CF009CCAA5 /* HourlyViewModel.swift */,
				62AAD44C285DCB65008D64FC /* WeatherViewModel.swift */,
				6204C4562860D1DD00683351 /* CitiesViewModel.swift */,
				629F349A2862201900E3AA1C /* ContentViewModel.swift */,
			);
			path = ViewModels;
			sourceTree = "<group>";
		};
		62AB5609285C586B009CCAA5 /* Models */ = {
			isa = PBXGroup;
			children = (
				62AB560B285C588D009CCAA5 /* City.swift */,
				62AB560C285C588D009CCAA5 /* Temperature.swift */,
				62AB560D285C588D009CCAA5 /* Weather.swift */,
				62AB560A285C588D009CCAA5 /* WeatherDescriptor.swift */,
			);
			path = Models;
			sourceTree = "<group>";
		};
		62AB5614285C59B2009CCAA5 /* Library */ = {
			isa = PBXGroup;
			children = (
				629F349728621C1B00E3AA1C /* Persistance */,
				62AAD447285D90D3008D64FC /* Repository */,
				62AB5617285C5A3F009CCAA5 /* Extensions */,
				62AB5615285C59C3009CCAA5 /* Formatters.swift */,
				62AB5625285C69C8009CCAA5 /* Loader.swift */,
			);
			path = Library;
			sourceTree = "<group>";
		};
		62AB5617285C5A3F009CCAA5 /* Extensions */ = {
			isa = PBXGroup;
			children = (
				62AB5618285C5A5A009CCAA5 /* Date.swift */,
				629F349C286221D700E3AA1C /* View.swift */,
			);
			path = Extensions;
			sourceTree = "<group>";
		};
		62AB5620285C6991009CCAA5 /* Resources */ = {
			isa = PBXGroup;
			children = (
				62AB5621285C699B009CCAA5 /* cities.json */,
				62AB5622285C699B009CCAA5 /* weather.json */,
			);
			path = Resources;
			sourceTree = "<group>";
		};
/* End PBXGroup section */

/* Begin PBXNativeTarget section */
		628AE029285B94BF0021A880 /* Weather */ = {
			isa = PBXNativeTarget;
			buildConfigurationList = 628AE04E285B94C50021A880 /* Build configuration list for PBXNativeTarget "Weather" */;
			buildPhases = (
				628AE026285B94BF0021A880 /* Sources */,
				628AE027285B94BF0021A880 /* Frameworks */,
				628AE028285B94BF0021A880 /* Resources */,
			);
			buildRules = (
			);
			dependencies = (
			);
			name = Weather;
			productName = Weather;
			productReference = 628AE02A285B94BF0021A880 /* Weather.app */;
			productType = "com.apple.product-type.application";
		};
		628AE039285B94C50021A880 /* WeatherTests */ = {
			isa = PBXNativeTarget;
			buildConfigurationList = 628AE051285B94C50021A880 /* Build configuration list for PBXNativeTarget "WeatherTests" */;
			buildPhases = (
				628AE036285B94C50021A880 /* Sources */,
				628AE037285B94C50021A880 /* Frameworks */,
				628AE038285B94C50021A880 /* Resources */,
			);
			buildRules = (
			);
			dependencies = (
				628AE03C285B94C50021A880 /* PBXTargetDependency */,
			);
			name = WeatherTests;
			productName = WeatherTests;
			productReference = 628AE03A285B94C50021A880 /* WeatherTests.xctest */;
			productType = "com.apple.product-type.bundle.unit-test";
		};
		628AE043285B94C50021A880 /* WeatherUITests */ = {
			isa = PBXNativeTarget;
			buildConfigurationList = 628AE054285B94C50021A880 /* Build configuration list for PBXNativeTarget "WeatherUITests" */;
			buildPhases = (
				628AE040285B94C50021A880 /* Sources */,
				628AE041285B94C50021A880 /* Frameworks */,
				628AE042285B94C50021A880 /* Resources */,
			);
			buildRules = (
			);
			dependencies = (
				628AE046285B94C50021A880 /* PBXTargetDependency */,
			);
			name = WeatherUITests;
			productName = WeatherUITests;
			productReference = 628AE044285B94C50021A880 /* WeatherUITests.xctest */;
			productType = "com.apple.product-type.bundle.ui-testing";
		};
/* End PBXNativeTarget section */

/* Begin PBXProject section */
		628AE022285B94BF0021A880 /* Project object */ = {
			isa = PBXProject;
			attributes = {
				BuildIndependentTargetsInParallel = 1;
				LastSwiftUpdateCheck = 1340;
				LastUpgradeCheck = 1340;
				TargetAttributes = {
					628AE029285B94BF0021A880 = {
						CreatedOnToolsVersion = 13.4.1;
					};
					628AE039285B94C50021A880 = {
						CreatedOnToolsVersion = 13.4.1;
						TestTargetID = 628AE029285B94BF0021A880;
					};
					628AE043285B94C50021A880 = {
						CreatedOnToolsVersion = 13.4.1;
						TestTargetID = 628AE029285B94BF0021A880;
					};
				};
			};
			buildConfigurationList = 628AE025285B94BF0021A880 /* Build configuration list for PBXProject "Weather" */;
			compatibilityVersion = "Xcode 13.0";
			developmentRegion = en;
			hasScannedForEncodings = 0;
			knownRegions = (
				en,
				Base,
			);
			mainGroup = 628AE021285B94BF0021A880;
			productRefGroup = 628AE02B285B94BF0021A880 /* Products */;
			projectDirPath = "";
			projectRoot = "";
			targets = (
				628AE029285B94BF0021A880 /* Weather */,
				628AE039285B94C50021A880 /* WeatherTests */,
				628AE043285B94C50021A880 /* WeatherUITests */,
			);
		};
/* End PBXProject section */

/* Begin PBXResourcesBuildPhase section */
		628AE028285B94BF0021A880 /* Resources */ = {
			isa = PBXResourcesBuildPhase;
			buildActionMask = 2147483647;
			files = (
				62AB5624285C699C009CCAA5 /* weather.json in Resources */,
				62AB5623285C699C009CCAA5 /* cities.json in Resources */,
				628AE035285B94C40021A880 /* Preview Assets.xcassets in Resources */,
				628AE032285B94C40021A880 /* Assets.xcassets in Resources */,
			);
			runOnlyForDeploymentPostprocessing = 0;
		};
		628AE038285B94C50021A880 /* Resources */ = {
			isa = PBXResourcesBuildPhase;
			buildActionMask = 2147483647;
			files = (
			);
			runOnlyForDeploymentPostprocessing = 0;
		};
		628AE042285B94C50021A880 /* Resources */ = {
			isa = PBXResourcesBuildPhase;
			buildActionMask = 2147483647;
			files = (
			);
			runOnlyForDeploymentPostprocessing = 0;
		};
/* End PBXResourcesBuildPhase section */

/* Begin PBXSourcesBuildPhase section */
		628AE026285B94BF0021A880 /* Sources */ = {
			isa = PBXSourcesBuildPhase;
			buildActionMask = 2147483647;
			files = (
				628AE030285B94BF0021A880 /* ContentView.swift in Sources */,
				62AAD44D285DCB65008D64FC /* WeatherViewModel.swift in Sources */,
				629F349928621C4700E3AA1C /* CityPreferences.swift in Sources */,
				62AB5616285C59C3009CCAA5 /* Formatters.swift in Sources */,
				62AB5613285C590C009CCAA5 /* DailyItemWeatherViewModel.swift in Sources */,
				62AAD44B285D9465008D64FC /* WeatherTarget.swift in Sources */,
				62AB560E285C588D009CCAA5 /* WeatherDescriptor.swift in Sources */,
				62AB560F285C588D009CCAA5 /* City.swift in Sources */,
				62AB5611285C588D009CCAA5 /* Weather.swift in Sources */,
				628AE02E285B94BF0021A880 /* WeatherApp.swift in Sources */,
				62AB5628285C6ABF009CCAA5 /* WeatherView.swift in Sources */,
				62AB562A285C6C76009CCAA5 /* DailyView.swift in Sources */,
				62AB5630285C75CF009CCAA5 /* HourlyViewModel.swift in Sources */,
				62AB561D285C6241009CCAA5 /* CurrentWeatherViewModel.swift in Sources */,
				629F349B2862201900E3AA1C /* ContentViewModel.swift in Sources */,
				62AB5626285C69C8009CCAA5 /* Loader.swift in Sources */,
				628AE064285BB8FC0021A880 /* DetailsWeatherView.swift in Sources */,
				62AB561F285C6467009CCAA5 /* DetailsWeatherViewModel.swift in Sources */,
				628AE05A285B98560021A880 /* HourlyItemWeatherView.swift in Sources */,
				6204C4572860D1DD00683351 /* CitiesViewModel.swift in Sources */,
				62AB5619285C5A5A009CCAA5 /* Date.swift in Sources */,
				628AE062285BB1A40021A880 /* CurrentWeatherView.swift in Sources */,
				62AB562E285C6DB6009CCAA5 /* DailyViewModel.swift in Sources */,
				62AAD449285D90EE008D64FC /* WeatherRepository.swift in Sources */,
				628AE05D285BA1F20021A880 /* DailyItemWeatherView.swift in Sources */,
				62AB5610285C588D009CCAA5 /* Temperature.swift in Sources */,
				62AB562C285C6C86009CCAA5 /* HourlyView.swift in Sources */,
				629F349D286221D700E3AA1C /* View.swift in Sources */,
				628AE060285BA2CC0021A880 /* CardView.swift in Sources */,
				62AB561B285C6026009CCAA5 /* HourlyItemWeatherViewModel.swift in Sources */,
				6204C4552860D1B800683351 /* CitiesView.swift in Sources */,
			);
			runOnlyForDeploymentPostprocessing = 0;
		};
		628AE036285B94C50021A880 /* Sources */ = {
			isa = PBXSourcesBuildPhase;
			buildActionMask = 2147483647;
			files = (
				628AE03F285B94C50021A880 /* WeatherTests.swift in Sources */,
			);
			runOnlyForDeploymentPostprocessing = 0;
		};
		628AE040285B94C50021A880 /* Sources */ = {
			isa = PBXSourcesBuildPhase;
			buildActionMask = 2147483647;
			files = (
				628AE049285B94C50021A880 /* WeatherUITests.swift in Sources */,
				628AE04B285B94C50021A880 /* WeatherUITestsLaunchTests.swift in Sources */,
			);
			runOnlyForDeploymentPostprocessing = 0;
		};
/* End PBXSourcesBuildPhase section */

/* Begin PBXTargetDependency section */
		628AE03C285B94C50021A880 /* PBXTargetDependency */ = {
			isa = PBXTargetDependency;
			target = 628AE029285B94BF0021A880 /* Weather */;
			targetProxy = 628AE03B285B94C50021A880 /* PBXContainerItemProxy */;
		};
		628AE046285B94C50021A880 /* PBXTargetDependency */ = {
			isa = PBXTargetDependency;
			target = 628AE029285B94BF0021A880 /* Weather */;
			targetProxy = 628AE045285B94C50021A880 /* PBXContainerItemProxy */;
		};
/* End PBXTargetDependency section */

/* Begin XCBuildConfiguration section */
		628AE04C285B94C50021A880 /* Debug */ = {
			isa = XCBuildConfiguration;
			buildSettings = {
				ALWAYS_SEARCH_USER_PATHS = NO;
				CLANG_ANALYZER_NONNULL = YES;
				CLANG_ANALYZER_NUMBER_OBJECT_CONVERSION = YES_AGGRESSIVE;
				CLANG_CXX_LANGUAGE_STANDARD = "gnu++17";
				CLANG_ENABLE_MODULES = YES;
				CLANG_ENABLE_OBJC_ARC = YES;
				CLANG_ENABLE_OBJC_WEAK = YES;
				CLANG_WARN_BLOCK_CAPTURE_AUTORELEASING = YES;
				CLANG_WARN_BOOL_CONVERSION = YES;
				CLANG_WARN_COMMA = YES;
				CLANG_WARN_CONSTANT_CONVERSION = YES;
				CLANG_WARN_DEPRECATED_OBJC_IMPLEMENTATIONS = YES;
				CLANG_WARN_DIRECT_OBJC_ISA_USAGE = YES_ERROR;
				CLANG_WARN_DOCUMENTATION_COMMENTS = YES;
				CLANG_WARN_EMPTY_BODY = YES;
				CLANG_WARN_ENUM_CONVERSION = YES;
				CLANG_WARN_INFINITE_RECURSION = YES;
				CLANG_WARN_INT_CONVERSION = YES;
				CLANG_WARN_NON_LITERAL_NULL_CONVERSION = YES;
				CLANG_WARN_OBJC_IMPLICIT_RETAIN_SELF = YES;
				CLANG_WARN_OBJC_LITERAL_CONVERSION = YES;
				CLANG_WARN_OBJC_ROOT_CLASS = YES_ERROR;
				CLANG_WARN_QUOTED_INCLUDE_IN_FRAMEWORK_HEADER = YES;
				CLANG_WARN_RANGE_LOOP_ANALYSIS = YES;
				CLANG_WARN_STRICT_PROTOTYPES = YES;
				CLANG_WARN_SUSPICIOUS_MOVE = YES;
				CLANG_WARN_UNGUARDED_AVAILABILITY = YES_AGGRESSIVE;
				CLANG_WARN_UNREACHABLE_CODE = YES;
				CLANG_WARN__DUPLICATE_METHOD_MATCH = YES;
				COPY_PHASE_STRIP = NO;
				DEBUG_INFORMATION_FORMAT = dwarf;
				ENABLE_STRICT_OBJC_MSGSEND = YES;
				ENABLE_TESTABILITY = YES;
				GCC_C_LANGUAGE_STANDARD = gnu11;
				GCC_DYNAMIC_NO_PIC = NO;
				GCC_NO_COMMON_BLOCKS = YES;
				GCC_OPTIMIZATION_LEVEL = 0;
				GCC_PREPROCESSOR_DEFINITIONS = (
					"DEBUG=1",
					"$(inherited)",
				);
				GCC_WARN_64_TO_32_BIT_CONVERSION = YES;
				GCC_WARN_ABOUT_RETURN_TYPE = YES_ERROR;
				GCC_WARN_UNDECLARED_SELECTOR = YES;
				GCC_WARN_UNINITIALIZED_AUTOS = YES_AGGRESSIVE;
				GCC_WARN_UNUSED_FUNCTION = YES;
				GCC_WARN_UNUSED_VARIABLE = YES;
				IPHONEOS_DEPLOYMENT_TARGET = 15.5;
				MTL_ENABLE_DEBUG_INFO = INCLUDE_SOURCE;
				MTL_FAST_MATH = YES;
				ONLY_ACTIVE_ARCH = YES;
				SDKROOT = iphoneos;
				SWIFT_ACTIVE_COMPILATION_CONDITIONS = DEBUG;
				SWIFT_OPTIMIZATION_LEVEL = "-Onone";
			};
			name = Debug;
		};
		628AE04D285B94C50021A880 /* Release */ = {
			isa = XCBuildConfiguration;
			buildSettings = {
				ALWAYS_SEARCH_USER_PATHS = NO;
				CLANG_ANALYZER_NONNULL = YES;
				CLANG_ANALYZER_NUMBER_OBJECT_CONVERSION = YES_AGGRESSIVE;
				CLANG_CXX_LANGUAGE_STANDARD = "gnu++17";
				CLANG_ENABLE_MODULES = YES;
				CLANG_ENABLE_OBJC_ARC = YES;
				CLANG_ENABLE_OBJC_WEAK = YES;
				CLANG_WARN_BLOCK_CAPTURE_AUTORELEASING = YES;
				CLANG_WARN_BOOL_CONVERSION = YES;
				CLANG_WARN_COMMA = YES;
				CLANG_WARN_CONSTANT_CONVERSION = YES;
				CLANG_WARN_DEPRECATED_OBJC_IMPLEMENTATIONS = YES;
				CLANG_WARN_DIRECT_OBJC_ISA_USAGE = YES_ERROR;
				CLANG_WARN_DOCUMENTATION_COMMENTS = YES;
				CLANG_WARN_EMPTY_BODY = YES;
				CLANG_WARN_ENUM_CONVERSION = YES;
				CLANG_WARN_INFINITE_RECURSION = YES;
				CLANG_WARN_INT_CONVERSION = YES;
				CLANG_WARN_NON_LITERAL_NULL_CONVERSION = YES;
				CLANG_WARN_OBJC_IMPLICIT_RETAIN_SELF = YES;
				CLANG_WARN_OBJC_LITERAL_CONVERSION = YES;
				CLANG_WARN_OBJC_ROOT_CLASS = YES_ERROR;
				CLANG_WARN_QUOTED_INCLUDE_IN_FRAMEWORK_HEADER = YES;
				CLANG_WARN_RANGE_LOOP_ANALYSIS = YES;
				CLANG_WARN_STRICT_PROTOTYPES = YES;
				CLANG_WARN_SUSPICIOUS_MOVE = YES;
				CLANG_WARN_UNGUARDED_AVAILABILITY = YES_AGGRESSIVE;
				CLANG_WARN_UNREACHABLE_CODE = YES;
				CLANG_WARN__DUPLICATE_METHOD_MATCH = YES;
				COPY_PHASE_STRIP = NO;
				DEBUG_INFORMATION_FORMAT = "dwarf-with-dsym";
				ENABLE_NS_ASSERTIONS = NO;
				ENABLE_STRICT_OBJC_MSGSEND = YES;
				GCC_C_LANGUAGE_STANDARD = gnu11;
				GCC_NO_COMMON_BLOCKS = YES;
				GCC_WARN_64_TO_32_BIT_CONVERSION = YES;
				GCC_WARN_ABOUT_RETURN_TYPE = YES_ERROR;
				GCC_WARN_UNDECLARED_SELECTOR = YES;
				GCC_WARN_UNINITIALIZED_AUTOS = YES_AGGRESSIVE;
				GCC_WARN_UNUSED_FUNCTION = YES;
				GCC_WARN_UNUSED_VARIABLE = YES;
				IPHONEOS_DEPLOYMENT_TARGET = 15.5;
				MTL_ENABLE_DEBUG_INFO = NO;
				MTL_FAST_MATH = YES;
				SDKROOT = iphoneos;
				SWIFT_COMPILATION_MODE = wholemodule;
				SWIFT_OPTIMIZATION_LEVEL = "-O";
				VALIDATE_PRODUCT = YES;
			};
			name = Release;
		};
		628AE04F285B94C50021A880 /* Debug */ = {
			isa = XCBuildConfiguration;
			buildSettings = {
				ASSETCATALOG_COMPILER_APPICON_NAME = AppIcon;
				ASSETCATALOG_COMPILER_GLOBAL_ACCENT_COLOR_NAME = AccentColor;
				CODE_SIGN_STYLE = Automatic;
				CURRENT_PROJECT_VERSION = 1;
				DEVELOPMENT_ASSET_PATHS = "\"Weather/Preview Content\"";
				DEVELOPMENT_TEAM = 2Z33GTG9VH;
				ENABLE_PREVIEWS = YES;
				GENERATE_INFOPLIST_FILE = YES;
				INFOPLIST_KEY_UIApplicationSceneManifest_Generation = YES;
				INFOPLIST_KEY_UIApplicationSupportsIndirectInputEvents = YES;
				INFOPLIST_KEY_UILaunchScreen_Generation = YES;
				INFOPLIST_KEY_UISupportedInterfaceOrientations_iPad = "UIInterfaceOrientationPortrait UIInterfaceOrientationPortraitUpsideDown UIInterfaceOrientationLandscapeLeft UIInterfaceOrientationLandscapeRight";
				INFOPLIST_KEY_UISupportedInterfaceOrientations_iPhone = "UIInterfaceOrientationPortrait UIInterfaceOrientationLandscapeLeft UIInterfaceOrientationLandscapeRight";
				LD_RUNPATH_SEARCH_PATHS = (
					"$(inherited)",
					"@executable_path/Frameworks",
				);
				MARKETING_VERSION = 1.0;
				PRODUCT_BUNDLE_IDENTIFIER = com.app.Weather;
				PRODUCT_NAME = "$(TARGET_NAME)";
				SWIFT_EMIT_LOC_STRINGS = YES;
				SWIFT_VERSION = 5.0;
				TARGETED_DEVICE_FAMILY = "1,2";
			};
			name = Debug;
		};
		628AE050285B94C50021A880 /* Release */ = {
			isa = XCBuildConfiguration;
			buildSettings = {
				ASSETCATALOG_COMPILER_APPICON_NAME = AppIcon;
				ASSETCATALOG_COMPILER_GLOBAL_ACCENT_COLOR_NAME = AccentColor;
				CODE_SIGN_STYLE = Automatic;
				CURRENT_PROJECT_VERSION = 1;
				DEVELOPMENT_ASSET_PATHS = "\"Weather/Preview Content\"";
				DEVELOPMENT_TEAM = 2Z33GTG9VH;
				ENABLE_PREVIEWS = YES;
				GENERATE_INFOPLIST_FILE = YES;
				INFOPLIST_KEY_UIApplicationSceneManifest_Generation = YES;
				INFOPLIST_KEY_UIApplicationSupportsIndirectInputEvents = YES;
				INFOPLIST_KEY_UILaunchScreen_Generation = YES;
				INFOPLIST_KEY_UISupportedInterfaceOrientations_iPad = "UIInterfaceOrientationPortrait UIInterfaceOrientationPortraitUpsideDown UIInterfaceOrientationLandscapeLeft UIInterfaceOrientationLandscapeRight";
				INFOPLIST_KEY_UISupportedInterfaceOrientations_iPhone = "UIInterfaceOrientationPortrait UIInterfaceOrientationLandscapeLeft UIInterfaceOrientationLandscapeRight";
				LD_RUNPATH_SEARCH_PATHS = (
					"$(inherited)",
					"@executable_path/Frameworks",
				);
				MARKETING_VERSION = 1.0;
				PRODUCT_BUNDLE_IDENTIFIER = com.app.Weather;
				PRODUCT_NAME = "$(TARGET_NAME)";
				SWIFT_EMIT_LOC_STRINGS = YES;
				SWIFT_VERSION = 5.0;
				TARGETED_DEVICE_FAMILY = "1,2";
			};
			name = Release;
		};
		628AE052285B94C50021A880 /* Debug */ = {
			isa = XCBuildConfiguration;
			buildSettings = {
				ALWAYS_EMBED_SWIFT_STANDARD_LIBRARIES = YES;
				BUNDLE_LOADER = "$(TEST_HOST)";
				CODE_SIGN_STYLE = Automatic;
				CURRENT_PROJECT_VERSION = 1;
				DEVELOPMENT_TEAM = 2Z33GTG9VH;
				GENERATE_INFOPLIST_FILE = YES;
				IPHONEOS_DEPLOYMENT_TARGET = 15.5;
				MARKETING_VERSION = 1.0;
				PRODUCT_BUNDLE_IDENTIFIER = com.app.WeatherTests;
				PRODUCT_NAME = "$(TARGET_NAME)";
				SWIFT_EMIT_LOC_STRINGS = NO;
				SWIFT_VERSION = 5.0;
				TARGETED_DEVICE_FAMILY = "1,2";
				TEST_HOST = "$(BUILT_PRODUCTS_DIR)/Weather.app/Weather";
			};
			name = Debug;
		};
		628AE053285B94C50021A880 /* Release */ = {
			isa = XCBuildConfiguration;
			buildSettings = {
				ALWAYS_EMBED_SWIFT_STANDARD_LIBRARIES = YES;
				BUNDLE_LOADER = "$(TEST_HOST)";
				CODE_SIGN_STYLE = Automatic;
				CURRENT_PROJECT_VERSION = 1;
				DEVELOPMENT_TEAM = 2Z33GTG9VH;
				GENERATE_INFOPLIST_FILE = YES;
				IPHONEOS_DEPLOYMENT_TARGET = 15.5;
				MARKETING_VERSION = 1.0;
				PRODUCT_BUNDLE_IDENTIFIER = com.app.WeatherTests;
				PRODUCT_NAME = "$(TARGET_NAME)";
				SWIFT_EMIT_LOC_STRINGS = NO;
				SWIFT_VERSION = 5.0;
				TARGETED_DEVICE_FAMILY = "1,2";
				TEST_HOST = "$(BUILT_PRODUCTS_DIR)/Weather.app/Weather";
			};
			name = Release;
		};
		628AE055285B94C50021A880 /* Debug */ = {
			isa = XCBuildConfiguration;
			buildSettings = {
				ALWAYS_EMBED_SWIFT_STANDARD_LIBRARIES = YES;
				CODE_SIGN_STYLE = Automatic;
				CURRENT_PROJECT_VERSION = 1;
				DEVELOPMENT_TEAM = 2Z33GTG9VH;
				GENERATE_INFOPLIST_FILE = YES;
				MARKETING_VERSION = 1.0;
				PRODUCT_BUNDLE_IDENTIFIER = com.app.WeatherUITests;
				PRODUCT_NAME = "$(TARGET_NAME)";
				SWIFT_EMIT_LOC_STRINGS = NO;
				SWIFT_VERSION = 5.0;
				TARGETED_DEVICE_FAMILY = "1,2";
				TEST_TARGET_NAME = Weather;
			};
			name = Debug;
		};
		628AE056285B94C50021A880 /* Release */ = {
			isa = XCBuildConfiguration;
			buildSettings = {
				ALWAYS_EMBED_SWIFT_STANDARD_LIBRARIES = YES;
				CODE_SIGN_STYLE = Automatic;
				CURRENT_PROJECT_VERSION = 1;
				DEVELOPMENT_TEAM = 2Z33GTG9VH;
				GENERATE_INFOPLIST_FILE = YES;
				MARKETING_VERSION = 1.0;
				PRODUCT_BUNDLE_IDENTIFIER = com.app.WeatherUITests;
				PRODUCT_NAME = "$(TARGET_NAME)";
				SWIFT_EMIT_LOC_STRINGS = NO;
				SWIFT_VERSION = 5.0;
				TARGETED_DEVICE_FAMILY = "1,2";
				TEST_TARGET_NAME = Weather;
			};
			name = Release;
		};
/* End XCBuildConfiguration section */

/* Begin XCConfigurationList section */
		628AE025285B94BF0021A880 /* Build configuration list for PBXProject "Weather" */ = {
			isa = XCConfigurationList;
			buildConfigurations = (
				628AE04C285B94C50021A880 /* Debug */,
				628AE04D285B94C50021A880 /* Release */,
			);
			defaultConfigurationIsVisible = 0;
			defaultConfigurationName = Release;
		};
		628AE04E285B94C50021A880 /* Build configuration list for PBXNativeTarget "Weather" */ = {
			isa = XCConfigurationList;
			buildConfigurations = (
				628AE04F285B94C50021A880 /* Debug */,
				628AE050285B94C50021A880 /* Release */,
			);
			defaultConfigurationIsVisible = 0;
			defaultConfigurationName = Release;
		};
		628AE051285B94C50021A880 /* Build configuration list for PBXNativeTarget "WeatherTests" */ = {
			isa = XCConfigurationList;
			buildConfigurations = (
				628AE052285B94C50021A880 /* Debug */,
				628AE053285B94C50021A880 /* Release */,
			);
			defaultConfigurationIsVisible = 0;
			defaultConfigurationName = Release;
		};
		628AE054285B94C50021A880 /* Build configuration list for PBXNativeTarget "WeatherUITests" */ = {
			isa = XCConfigurationList;
			buildConfigurations = (
				628AE055285B94C50021A880 /* Debug */,
				628AE056285B94C50021A880 /* Release */,
			);
			defaultConfigurationIsVisible = 0;
			defaultConfigurationName = Release;
		};
/* End XCConfigurationList section */
	};
	rootObject = 628AE022285B94BF0021A880 /* Project object */;
}
